// !$*UTF8*$!
{
	archiveVersion = 1;
	classes = {
	};
	objectVersion = 46;
	objects = {

/* Begin PBXBuildFile section */
		402531D51DB10F8500550293 /* DTActionSheet.h in Headers */ = {isa = PBXBuildFile; fileRef = 402531D41DB10F8500550293 /* DTActionSheet.h */; settings = {ATTRIBUTES = (Public, ); }; };
		402531DD1DB1128400550293 /* AppDelegate.swift in Sources */ = {isa = PBXBuildFile; fileRef = 402531DC1DB1128400550293 /* AppDelegate.swift */; };
		402531DF1DB1128400550293 /* ViewController.swift in Sources */ = {isa = PBXBuildFile; fileRef = 402531DE1DB1128400550293 /* ViewController.swift */; };
		402531E21DB1128400550293 /* Main.storyboard in Resources */ = {isa = PBXBuildFile; fileRef = 402531E01DB1128400550293 /* Main.storyboard */; };
		402531E41DB1128400550293 /* Assets.xcassets in Resources */ = {isa = PBXBuildFile; fileRef = 402531E31DB1128400550293 /* Assets.xcassets */; };
		402531E71DB1128400550293 /* LaunchScreen.storyboard in Resources */ = {isa = PBXBuildFile; fileRef = 402531E51DB1128400550293 /* LaunchScreen.storyboard */; };
		402531ED1DB1133500550293 /* DTActionSheet.swift in Sources */ = {isa = PBXBuildFile; fileRef = 402531EC1DB1133500550293 /* DTActionSheet.swift */; };
		403A28FC1DB1E38B0094A613 /* DTActionSheet.framework in Frameworks */ = {isa = PBXBuildFile; fileRef = 402531C51DB10CF900550293 /* DTActionSheet.framework */; };
		40A6B2761EF6528000D10C3C /* DTActionSheet.bundle in Resources */ = {isa = PBXBuildFile; fileRef = 40A6B2751EF6528000D10C3C /* DTActionSheet.bundle */; };
		40A6B2781EF6537E00D10C3C /* DTDismissibleActionSheet.swift in Sources */ = {isa = PBXBuildFile; fileRef = 40A6B2771EF6537E00D10C3C /* DTDismissibleActionSheet.swift */; };
		40A6B27C1EF658AD00D10C3C /* DTSavableActionSheet.swift in Sources */ = {isa = PBXBuildFile; fileRef = 40A6B27B1EF658AD00D10C3C /* DTSavableActionSheet.swift */; };
		7DB4D086206CDEB300D5B9C4 /* DTDatePickerSheet.swift in Sources */ = {isa = PBXBuildFile; fileRef = 7DB4D085206CDEB300D5B9C4 /* DTDatePickerSheet.swift */; };
/* End PBXBuildFile section */

/* Begin PBXFileReference section */
		402531C51DB10CF900550293 /* DTActionSheet.framework */ = {isa = PBXFileReference; explicitFileType = wrapper.framework; includeInIndex = 0; path = DTActionSheet.framework; sourceTree = BUILT_PRODUCTS_DIR; };
		402531CF1DB10DB500550293 /* Info-iOS.plist */ = {isa = PBXFileReference; fileEncoding = 4; lastKnownFileType = text.plist.xml; name = "Info-iOS.plist"; path = "Sources/Info-iOS.plist"; sourceTree = "<group>"; };
		402531D41DB10F8500550293 /* DTActionSheet.h */ = {isa = PBXFileReference; fileEncoding = 4; lastKnownFileType = sourcecode.c.h; name = DTActionSheet.h; path = Sources/DTActionSheet.h; sourceTree = "<group>"; };
		402531DA1DB1128300550293 /* DTActionSheet iOS Example.app */ = {isa = PBXFileReference; explicitFileType = wrapper.application; includeInIndex = 0; path = "DTActionSheet iOS Example.app"; sourceTree = BUILT_PRODUCTS_DIR; };
		402531DC1DB1128400550293 /* AppDelegate.swift */ = {isa = PBXFileReference; lastKnownFileType = sourcecode.swift; path = AppDelegate.swift; sourceTree = "<group>"; };
		402531DE1DB1128400550293 /* ViewController.swift */ = {isa = PBXFileReference; lastKnownFileType = sourcecode.swift; path = ViewController.swift; sourceTree = "<group>"; };
		402531E11DB1128400550293 /* Base */ = {isa = PBXFileReference; lastKnownFileType = file.storyboard; name = Base; path = Base.lproj/Main.storyboard; sourceTree = "<group>"; };
		402531E31DB1128400550293 /* Assets.xcassets */ = {isa = PBXFileReference; lastKnownFileType = folder.assetcatalog; path = Assets.xcassets; sourceTree = "<group>"; };
		402531E61DB1128400550293 /* Base */ = {isa = PBXFileReference; lastKnownFileType = file.storyboard; name = Base; path = Base.lproj/LaunchScreen.storyboard; sourceTree = "<group>"; };
		402531E81DB1128400550293 /* Info.plist */ = {isa = PBXFileReference; lastKnownFileType = text.plist.xml; path = Info.plist; sourceTree = "<group>"; };
		402531EC1DB1133500550293 /* DTActionSheet.swift */ = {isa = PBXFileReference; fileEncoding = 4; lastKnownFileType = sourcecode.swift; name = DTActionSheet.swift; path = Sources/DTActionSheet.swift; sourceTree = "<group>"; };
		40A6B2751EF6528000D10C3C /* DTActionSheet.bundle */ = {isa = PBXFileReference; lastKnownFileType = "wrapper.plug-in"; name = DTActionSheet.bundle; path = Sources/DTActionSheet.bundle; sourceTree = "<group>"; };
		40A6B2771EF6537E00D10C3C /* DTDismissibleActionSheet.swift */ = {isa = PBXFileReference; fileEncoding = 4; lastKnownFileType = sourcecode.swift; name = DTDismissibleActionSheet.swift; path = Sources/DTDismissibleActionSheet.swift; sourceTree = "<group>"; };
		40A6B27B1EF658AD00D10C3C /* DTSavableActionSheet.swift */ = {isa = PBXFileReference; fileEncoding = 4; lastKnownFileType = sourcecode.swift; name = DTSavableActionSheet.swift; path = Sources/DTSavableActionSheet.swift; sourceTree = "<group>"; };
		7DB4D085206CDEB300D5B9C4 /* DTDatePickerSheet.swift */ = {isa = PBXFileReference; lastKnownFileType = sourcecode.swift; name = DTDatePickerSheet.swift; path = Sources/DTDatePickerSheet.swift; sourceTree = "<group>"; };
/* End PBXFileReference section */

/* Begin PBXFrameworksBuildPhase section */
		402531C11DB10CF900550293 /* Frameworks */ = {
			isa = PBXFrameworksBuildPhase;
			buildActionMask = 2147483647;
			files = (
			);
			runOnlyForDeploymentPostprocessing = 0;
		};
		402531D71DB1128300550293 /* Frameworks */ = {
			isa = PBXFrameworksBuildPhase;
			buildActionMask = 2147483647;
			files = (
				403A28FC1DB1E38B0094A613 /* DTActionSheet.framework in Frameworks */,
			);
			runOnlyForDeploymentPostprocessing = 0;
		};
/* End PBXFrameworksBuildPhase section */

/* Begin PBXGroup section */
		402531B91DB10C7F00550293 = {
			isa = PBXGroup;
			children = (
				402531CE1DB10DA900550293 /* Sources */,
				402531DB1DB1128400550293 /* DTActionSheet iOS Example */,
				402531C61DB10CF900550293 /* Products */,
			);
			sourceTree = "<group>";
		};
		402531C61DB10CF900550293 /* Products */ = {
			isa = PBXGroup;
			children = (
				402531C51DB10CF900550293 /* DTActionSheet.framework */,
				402531DA1DB1128300550293 /* DTActionSheet iOS Example.app */,
			);
			name = Products;
			sourceTree = "<group>";
		};
		402531CE1DB10DA900550293 /* Sources */ = {
			isa = PBXGroup;
			children = (
				402531CF1DB10DB500550293 /* Info-iOS.plist */,
				402531D41DB10F8500550293 /* DTActionSheet.h */,
				402531EC1DB1133500550293 /* DTActionSheet.swift */,
				40A6B2771EF6537E00D10C3C /* DTDismissibleActionSheet.swift */,
				40A6B27B1EF658AD00D10C3C /* DTSavableActionSheet.swift */,
				40A6B2751EF6528000D10C3C /* DTActionSheet.bundle */,
				7DB4D085206CDEB300D5B9C4 /* DTDatePickerSheet.swift */,
			);
			name = Sources;
			sourceTree = "<group>";
		};
		402531DB1DB1128400550293 /* DTActionSheet iOS Example */ = {
			isa = PBXGroup;
			children = (
				402531DC1DB1128400550293 /* AppDelegate.swift */,
				402531DE1DB1128400550293 /* ViewController.swift */,
				402531E01DB1128400550293 /* Main.storyboard */,
				402531E31DB1128400550293 /* Assets.xcassets */,
				402531E51DB1128400550293 /* LaunchScreen.storyboard */,
				402531E81DB1128400550293 /* Info.plist */,
			);
			path = "DTActionSheet iOS Example";
			sourceTree = "<group>";
		};
/* End PBXGroup section */

/* Begin PBXHeadersBuildPhase section */
		402531C21DB10CF900550293 /* Headers */ = {
			isa = PBXHeadersBuildPhase;
			buildActionMask = 2147483647;
			files = (
				402531D51DB10F8500550293 /* DTActionSheet.h in Headers */,
			);
			runOnlyForDeploymentPostprocessing = 0;
		};
/* End PBXHeadersBuildPhase section */

/* Begin PBXNativeTarget section */
		402531C41DB10CF900550293 /* DTActionSheet iOS */ = {
			isa = PBXNativeTarget;
			buildConfigurationList = 402531CB1DB10CF900550293 /* Build configuration list for PBXNativeTarget "DTActionSheet iOS" */;
			buildPhases = (
				402531C01DB10CF900550293 /* Sources */,
				402531C11DB10CF900550293 /* Frameworks */,
				402531C21DB10CF900550293 /* Headers */,
				402531C31DB10CF900550293 /* Resources */,
			);
			buildRules = (
			);
			dependencies = (
			);
			name = "DTActionSheet iOS";
			productName = "DTActionSheet iOS";
			productReference = 402531C51DB10CF900550293 /* DTActionSheet.framework */;
			productType = "com.apple.product-type.framework";
		};
		402531D91DB1128300550293 /* DTActionSheet iOS Example */ = {
			isa = PBXNativeTarget;
			buildConfigurationList = 402531E91DB1128400550293 /* Build configuration list for PBXNativeTarget "DTActionSheet iOS Example" */;
			buildPhases = (
				402531D61DB1128300550293 /* Sources */,
				402531D71DB1128300550293 /* Frameworks */,
				402531D81DB1128300550293 /* Resources */,
			);
			buildRules = (
			);
			dependencies = (
			);
			name = "DTActionSheet iOS Example";
			productName = "DTActionSheet iOS Example";
			productReference = 402531DA1DB1128300550293 /* DTActionSheet iOS Example.app */;
			productType = "com.apple.product-type.application";
		};
/* End PBXNativeTarget section */

/* Begin PBXProject section */
		402531BA1DB10C7F00550293 /* Project object */ = {
			isa = PBXProject;
			attributes = {
				LastSwiftUpdateCheck = 0800;
				LastUpgradeCheck = 0920;
				TargetAttributes = {
					402531C41DB10CF900550293 = {
						CreatedOnToolsVersion = 8.0;
						LastSwiftMigration = 0920;
						ProvisioningStyle = Automatic;
					};
					402531D91DB1128300550293 = {
						CreatedOnToolsVersion = 8.0;
						DevelopmentTeam = SLM6SZ8JH3;
						LastSwiftMigration = 0920;
						ProvisioningStyle = Automatic;
					};
				};
			};
			buildConfigurationList = 402531BD1DB10C7F00550293 /* Build configuration list for PBXProject "DTActionSheet" */;
			compatibilityVersion = "Xcode 3.2";
			developmentRegion = English;
			hasScannedForEncodings = 0;
			knownRegions = (
				en,
				Base,
			);
			mainGroup = 402531B91DB10C7F00550293;
			productRefGroup = 402531C61DB10CF900550293 /* Products */;
			projectDirPath = "";
			projectRoot = "";
			targets = (
				402531C41DB10CF900550293 /* DTActionSheet iOS */,
				402531D91DB1128300550293 /* DTActionSheet iOS Example */,
			);
		};
/* End PBXProject section */

/* Begin PBXResourcesBuildPhase section */
		402531C31DB10CF900550293 /* Resources */ = {
			isa = PBXResourcesBuildPhase;
			buildActionMask = 2147483647;
			files = (
				40A6B2761EF6528000D10C3C /* DTActionSheet.bundle in Resources */,
			);
			runOnlyForDeploymentPostprocessing = 0;
		};
		402531D81DB1128300550293 /* Resources */ = {
			isa = PBXResourcesBuildPhase;
			buildActionMask = 2147483647;
			files = (
				402531E71DB1128400550293 /* LaunchScreen.storyboard in Resources */,
				402531E41DB1128400550293 /* Assets.xcassets in Resources */,
				402531E21DB1128400550293 /* Main.storyboard in Resources */,
			);
			runOnlyForDeploymentPostprocessing = 0;
		};
/* End PBXResourcesBuildPhase section */

/* Begin PBXSourcesBuildPhase section */
		402531C01DB10CF900550293 /* Sources */ = {
			isa = PBXSourcesBuildPhase;
			buildActionMask = 2147483647;
			files = (
				40A6B2781EF6537E00D10C3C /* DTDismissibleActionSheet.swift in Sources */,
				40A6B27C1EF658AD00D10C3C /* DTSavableActionSheet.swift in Sources */,
				402531ED1DB1133500550293 /* DTActionSheet.swift in Sources */,
				7DB4D086206CDEB300D5B9C4 /* DTDatePickerSheet.swift in Sources */,
			);
			runOnlyForDeploymentPostprocessing = 0;
		};
		402531D61DB1128300550293 /* Sources */ = {
			isa = PBXSourcesBuildPhase;
			buildActionMask = 2147483647;
			files = (
				402531DF1DB1128400550293 /* ViewController.swift in Sources */,
				402531DD1DB1128400550293 /* AppDelegate.swift in Sources */,
			);
			runOnlyForDeploymentPostprocessing = 0;
		};
/* End PBXSourcesBuildPhase section */

/* Begin PBXVariantGroup section */
		402531E01DB1128400550293 /* Main.storyboard */ = {
			isa = PBXVariantGroup;
			children = (
				402531E11DB1128400550293 /* Base */,
			);
			name = Main.storyboard;
			sourceTree = "<group>";
		};
		402531E51DB1128400550293 /* LaunchScreen.storyboard */ = {
			isa = PBXVariantGroup;
			children = (
				402531E61DB1128400550293 /* Base */,
			);
			name = LaunchScreen.storyboard;
			sourceTree = "<group>";
		};
/* End PBXVariantGroup section */

/* Begin XCBuildConfiguration section */
		402531BE1DB10C7F00550293 /* Debug */ = {
			isa = XCBuildConfiguration;
			buildSettings = {
				CLANG_WARN_BLOCK_CAPTURE_AUTORELEASING = YES;
				CLANG_WARN_BOOL_CONVERSION = YES;
				CLANG_WARN_COMMA = YES;
				CLANG_WARN_CONSTANT_CONVERSION = YES;
				CLANG_WARN_EMPTY_BODY = YES;
				CLANG_WARN_ENUM_CONVERSION = YES;
				CLANG_WARN_INFINITE_RECURSION = YES;
				CLANG_WARN_INT_CONVERSION = YES;
				CLANG_WARN_NON_LITERAL_NULL_CONVERSION = YES;
				CLANG_WARN_OBJC_LITERAL_CONVERSION = YES;
				CLANG_WARN_RANGE_LOOP_ANALYSIS = YES;
				CLANG_WARN_STRICT_PROTOTYPES = YES;
				CLANG_WARN_SUSPICIOUS_MOVE = YES;
				CLANG_WARN_UNREACHABLE_CODE = YES;
				CLANG_WARN__DUPLICATE_METHOD_MATCH = YES;
				ENABLE_STRICT_OBJC_MSGSEND = YES;
				ENABLE_TESTABILITY = YES;
				GCC_NO_COMMON_BLOCKS = YES;
				GCC_WARN_64_TO_32_BIT_CONVERSION = YES;
				GCC_WARN_ABOUT_RETURN_TYPE = YES;
				GCC_WARN_UNDECLARED_SELECTOR = YES;
				GCC_WARN_UNINITIALIZED_AUTOS = YES;
				GCC_WARN_UNUSED_FUNCTION = YES;
				GCC_WARN_UNUSED_VARIABLE = YES;
				ONLY_ACTIVE_ARCH = YES;
				SWIFT_SWIFT3_OBJC_INFERENCE = Default;
			};
			name = Debug;
		};
		402531BF1DB10C7F00550293 /* Release */ = {
			isa = XCBuildConfiguration;
			buildSettings = {
				CLANG_WARN_BLOCK_CAPTURE_AUTORELEASING = YES;
				CLANG_WARN_BOOL_CONVERSION = YES;
				CLANG_WARN_COMMA = YES;
				CLANG_WARN_CONSTANT_CONVERSION = YES;
				CLANG_WARN_EMPTY_BODY = YES;
				CLANG_WARN_ENUM_CONVERSION = YES;
				CLANG_WARN_INFINITE_RECURSION = YES;
				CLANG_WARN_INT_CONVERSION = YES;
				CLANG_WARN_NON_LITERAL_NULL_CONVERSION = YES;
				CLANG_WARN_OBJC_LITERAL_CONVERSION = YES;
				CLANG_WARN_RANGE_LOOP_ANALYSIS = YES;
				CLANG_WARN_STRICT_PROTOTYPES = YES;
				CLANG_WARN_SUSPICIOUS_MOVE = YES;
				CLANG_WARN_UNREACHABLE_CODE = YES;
				CLANG_WARN__DUPLICATE_METHOD_MATCH = YES;
				ENABLE_STRICT_OBJC_MSGSEND = YES;
				GCC_NO_COMMON_BLOCKS = YES;
				GCC_WARN_64_TO_32_BIT_CONVERSION = YES;
				GCC_WARN_ABOUT_RETURN_TYPE = YES;
				GCC_WARN_UNDECLARED_SELECTOR = YES;
				GCC_WARN_UNINITIALIZED_AUTOS = YES;
				GCC_WARN_UNUSED_FUNCTION = YES;
				GCC_WARN_UNUSED_VARIABLE = YES;
				SWIFT_SWIFT3_OBJC_INFERENCE = Default;
			};
			name = Release;
		};
		402531CC1DB10CF900550293 /* Debug */ = {
			isa = XCBuildConfiguration;
			buildSettings = {
				ALWAYS_SEARCH_USER_PATHS = NO;
				CLANG_ANALYZER_NONNULL = YES;
				CLANG_CXX_LANGUAGE_STANDARD = "gnu++0x";
				CLANG_CXX_LIBRARY = "libc++";
				CLANG_ENABLE_MODULES = YES;
				CLANG_ENABLE_OBJC_ARC = YES;
				CLANG_WARN_BOOL_CONVERSION = YES;
				CLANG_WARN_CONSTANT_CONVERSION = YES;
				CLANG_WARN_DIRECT_OBJC_ISA_USAGE = YES_ERROR;
				CLANG_WARN_DOCUMENTATION_COMMENTS = YES;
				CLANG_WARN_EMPTY_BODY = YES;
				CLANG_WARN_ENUM_CONVERSION = YES;
				CLANG_WARN_INFINITE_RECURSION = YES;
				CLANG_WARN_INT_CONVERSION = YES;
				CLANG_WARN_OBJC_ROOT_CLASS = YES_ERROR;
				CLANG_WARN_SUSPICIOUS_MOVES = YES;
				CLANG_WARN_UNREACHABLE_CODE = YES;
				CLANG_WARN__DUPLICATE_METHOD_MATCH = YES;
				CODE_SIGN_IDENTITY = "";
				"CODE_SIGN_IDENTITY[sdk=iphoneos*]" = "";
				COPY_PHASE_STRIP = NO;
				CURRENT_PROJECT_VERSION = 1;
				DEBUG_INFORMATION_FORMAT = dwarf;
				DEFINES_MODULE = YES;
				DYLIB_COMPATIBILITY_VERSION = 1;
				DYLIB_CURRENT_VERSION = 1;
				DYLIB_INSTALL_NAME_BASE = "@rpath";
				ENABLE_STRICT_OBJC_MSGSEND = YES;
				ENABLE_TESTABILITY = YES;
				GCC_C_LANGUAGE_STANDARD = gnu99;
				GCC_DYNAMIC_NO_PIC = NO;
				GCC_NO_COMMON_BLOCKS = YES;
				GCC_OPTIMIZATION_LEVEL = 0;
				GCC_PREPROCESSOR_DEFINITIONS = (
					"DEBUG=1",
					"$(inherited)",
				);
				GCC_WARN_64_TO_32_BIT_CONVERSION = YES;
				GCC_WARN_ABOUT_RETURN_TYPE = YES_ERROR;
				GCC_WARN_UNDECLARED_SELECTOR = YES;
				GCC_WARN_UNINITIALIZED_AUTOS = YES_AGGRESSIVE;
				GCC_WARN_UNUSED_FUNCTION = YES;
				GCC_WARN_UNUSED_VARIABLE = YES;
				INFOPLIST_FILE = "$(SRCROOT)/Sources/Info-iOS.plist";
				INSTALL_PATH = "$(LOCAL_LIBRARY_DIR)/Frameworks";
				IPHONEOS_DEPLOYMENT_TARGET = 8.4;
				LD_RUNPATH_SEARCH_PATHS = "$(inherited) @executable_path/Frameworks @loader_path/Frameworks";
				MTL_ENABLE_DEBUG_INFO = YES;
				ONLY_ACTIVE_ARCH = YES;
				PRODUCT_BUNDLE_IDENTIFIER = "com.danthought.DTActionSheet-iOS";
				PRODUCT_NAME = DTActionSheet;
				SDKROOT = iphoneos;
				SKIP_INSTALL = YES;
				SWIFT_ACTIVE_COMPILATION_CONDITIONS = DEBUG;
				SWIFT_OPTIMIZATION_LEVEL = "-Onone";
				SWIFT_SWIFT3_OBJC_INFERENCE = Default;
				SWIFT_VERSION = 4.0;
				TARGETED_DEVICE_FAMILY = "1,2";
				VERSIONING_SYSTEM = "apple-generic";
				VERSION_INFO_PREFIX = "";
			};
			name = Debug;
		};
		402531CD1DB10CF900550293 /* Release */ = {
			isa = XCBuildConfiguration;
			buildSettings = {
				ALWAYS_SEARCH_USER_PATHS = NO;
				CLANG_ANALYZER_NONNULL = YES;
				CLANG_CXX_LANGUAGE_STANDARD = "gnu++0x";
				CLANG_CXX_LIBRARY = "libc++";
				CLANG_ENABLE_MODULES = YES;
				CLANG_ENABLE_OBJC_ARC = YES;
				CLANG_WARN_BOOL_CONVERSION = YES;
				CLANG_WARN_CONSTANT_CONVERSION = YES;
				CLANG_WARN_DIRECT_OBJC_ISA_USAGE = YES_ERROR;
				CLANG_WARN_DOCUMENTATION_COMMENTS = YES;
				CLANG_WARN_EMPTY_BODY = YES;
				CLANG_WARN_ENUM_CONVERSION = YES;
				CLANG_WARN_INFINITE_RECURSION = YES;
				CLANG_WARN_INT_CONVERSION = YES;
				CLANG_WARN_OBJC_ROOT_CLASS = YES_ERROR;
				CLANG_WARN_SUSPICIOUS_MOVES = YES;
				CLANG_WARN_UNREACHABLE_CODE = YES;
				CLANG_WARN__DUPLICATE_METHOD_MATCH = YES;
				CODE_SIGN_IDENTITY = "";
				"CODE_SIGN_IDENTITY[sdk=iphoneos*]" = "";
				COPY_PHASE_STRIP = NO;
				CURRENT_PROJECT_VERSION = 1;
				DEBUG_INFORMATION_FORMAT = "dwarf-with-dsym";
				DEFINES_MODULE = YES;
				DYLIB_COMPATIBILITY_VERSION = 1;
				DYLIB_CURRENT_VERSION = 1;
				DYLIB_INSTALL_NAME_BASE = "@rpath";
				ENABLE_NS_ASSERTIONS = NO;
				ENABLE_STRICT_OBJC_MSGSEND = YES;
				GCC_C_LANGUAGE_STANDARD = gnu99;
				GCC_NO_COMMON_BLOCKS = YES;
				GCC_WARN_64_TO_32_BIT_CONVERSION = YES;
				GCC_WARN_ABOUT_RETURN_TYPE = YES_ERROR;
				GCC_WARN_UNDECLARED_SELECTOR = YES;
				GCC_WARN_UNINITIALIZED_AUTOS = YES_AGGRESSIVE;
				GCC_WARN_UNUSED_FUNCTION = YES;
				GCC_WARN_UNUSED_VARIABLE = YES;
				INFOPLIST_FILE = "$(SRCROOT)/Sources/Info-iOS.plist";
				INSTALL_PATH = "$(LOCAL_LIBRARY_DIR)/Frameworks";
				IPHONEOS_DEPLOYMENT_TARGET = 8.4;
				LD_RUNPATH_SEARCH_PATHS = "$(inherited) @executable_path/Frameworks @loader_path/Frameworks";
				MTL_ENABLE_DEBUG_INFO = NO;
				PRODUCT_BUNDLE_IDENTIFIER = "com.danthought.DTActionSheet-iOS";
				PRODUCT_NAME = DTActionSheet;
				SDKROOT = iphoneos;
				SKIP_INSTALL = YES;
				SWIFT_OPTIMIZATION_LEVEL = "-Owholemodule";
				SWIFT_SWIFT3_OBJC_INFERENCE = Default;
				SWIFT_VERSION = 4.0;
				TARGETED_DEVICE_FAMILY = "1,2";
				VALIDATE_PRODUCT = YES;
				VERSIONING_SYSTEM = "apple-generic";
				VERSION_INFO_PREFIX = "";
			};
			name = Release;
		};
		402531EA1DB1128400550293 /* Debug */ = {
			isa = XCBuildConfiguration;
			buildSettings = {
				ALWAYS_SEARCH_USER_PATHS = NO;
				ASSETCATALOG_COMPILER_APPICON_NAME = AppIcon;
				CLANG_ANALYZER_NONNULL = YES;
				CLANG_CXX_LANGUAGE_STANDARD = "gnu++0x";
				CLANG_CXX_LIBRARY = "libc++";
				CLANG_ENABLE_MODULES = YES;
				CLANG_ENABLE_OBJC_ARC = YES;
				CLANG_WARN_BOOL_CONVERSION = YES;
				CLANG_WARN_CONSTANT_CONVERSION = YES;
				CLANG_WARN_DIRECT_OBJC_ISA_USAGE = YES_ERROR;
				CLANG_WARN_DOCUMENTATION_COMMENTS = YES;
				CLANG_WARN_EMPTY_BODY = YES;
				CLANG_WARN_ENUM_CONVERSION = YES;
				CLANG_WARN_INFINITE_RECURSION = YES;
				CLANG_WARN_INT_CONVERSION = YES;
				CLANG_WARN_OBJC_ROOT_CLASS = YES_ERROR;
				CLANG_WARN_SUSPICIOUS_MOVES = YES;
				CLANG_WARN_UNREACHABLE_CODE = YES;
				CLANG_WARN__DUPLICATE_METHOD_MATCH = YES;
				"CODE_SIGN_IDENTITY[sdk=iphoneos*]" = "iPhone Developer";
				COPY_PHASE_STRIP = NO;
				DEBUG_INFORMATION_FORMAT = dwarf;
				DEVELOPMENT_TEAM = SLM6SZ8JH3;
				ENABLE_STRICT_OBJC_MSGSEND = YES;
				ENABLE_TESTABILITY = YES;
				GCC_C_LANGUAGE_STANDARD = gnu99;
				GCC_DYNAMIC_NO_PIC = NO;
				GCC_NO_COMMON_BLOCKS = YES;
				GCC_OPTIMIZATION_LEVEL = 0;
				GCC_PREPROCESSOR_DEFINITIONS = (
					"DEBUG=1",
					"$(inherited)",
				);
				GCC_WARN_64_TO_32_BIT_CONVERSION = YES;
				GCC_WARN_ABOUT_RETURN_TYPE = YES_ERROR;
				GCC_WARN_UNDECLARED_SELECTOR = YES;
				GCC_WARN_UNINITIALIZED_AUTOS = YES_AGGRESSIVE;
				GCC_WARN_UNUSED_FUNCTION = YES;
				GCC_WARN_UNUSED_VARIABLE = YES;
				INFOPLIST_FILE = "DTActionSheet iOS Example/Info.plist";
				IPHONEOS_DEPLOYMENT_TARGET = 10.0;
				LD_RUNPATH_SEARCH_PATHS = "$(inherited) @executable_path/Frameworks";
				MTL_ENABLE_DEBUG_INFO = YES;
				ONLY_ACTIVE_ARCH = YES;
				PRODUCT_BUNDLE_IDENTIFIER = "com.danthought.DTActionSheet-iOS-Example";
				PRODUCT_NAME = "$(TARGET_NAME)";
				SDKROOT = iphoneos;
				SWIFT_ACTIVE_COMPILATION_CONDITIONS = DEBUG;
				SWIFT_OPTIMIZATION_LEVEL = "-Onone";
				SWIFT_SWIFT3_OBJC_INFERENCE = Default;
				SWIFT_VERSION = 4.0;
			};
			name = Debug;
		};
		402531EB1DB1128400550293 /* Release */ = {
			isa = XCBuildConfiguration;
			buildSettings = {
				ALWAYS_SEARCH_USER_PATHS = NO;
				ASSETCATALOG_COMPILER_APPICON_NAME = AppIcon;
				CLANG_ANALYZER_NONNULL = YES;
				CLANG_CXX_LANGUAGE_STANDARD = "gnu++0x";
				CLANG_CXX_LIBRARY = "libc++";
				CLANG_ENABLE_MODULES = YES;
				CLANG_ENABLE_OBJC_ARC = YES;
				CLANG_WARN_BOOL_CONVERSION = YES;
				CLANG_WARN_CONSTANT_CONVERSION = YES;
				CLANG_WARN_DIRECT_OBJC_ISA_USAGE = YES_ERROR;
				CLANG_WARN_DOCUMENTATION_COMMENTS = YES;
				CLANG_WARN_EMPTY_BODY = YES;
				CLANG_WARN_ENUM_CONVERSION = YES;
				CLANG_WARN_INFINITE_RECURSION = YES;
				CLANG_WARN_INT_CONVERSION = YES;
				CLANG_WARN_OBJC_ROOT_CLASS = YES_ERROR;
				CLANG_WARN_SUSPICIOUS_MOVES = YES;
				CLANG_WARN_UNREACHABLE_CODE = YES;
				CLANG_WARN__DUPLICATE_METHOD_MATCH = YES;
				"CODE_SIGN_IDENTITY[sdk=iphoneos*]" = "iPhone Developer";
				COPY_PHASE_STRIP = NO;
				DEBUG_INFORMATION_FORMAT = "dwarf-with-dsym";
				DEVELOPMENT_TEAM = SLM6SZ8JH3;
				ENABLE_NS_ASSERTIONS = NO;
				ENABLE_STRICT_OBJC_MSGSEND = YES;
				GCC_C_LANGUAGE_STANDARD = gnu99;
				GCC_NO_COMMON_BLOCKS = YES;
				GCC_WARN_64_TO_32_BIT_CONVERSION = YES;
				GCC_WARN_ABOUT_RETURN_TYPE = YES_ERROR;
				GCC_WARN_UNDECLARED_SELECTOR = YES;
				GCC_WARN_UNINITIALIZED_AUTOS = YES_AGGRESSIVE;
				GCC_WARN_UNUSED_FUNCTION = YES;
				GCC_WARN_UNUSED_VARIABLE = YES;
				INFOPLIST_FILE = "DTActionSheet iOS Example/Info.plist";
				IPHONEOS_DEPLOYMENT_TARGET = 10.0;
				LD_RUNPATH_SEARCH_PATHS = "$(inherited) @executable_path/Frameworks";
				MTL_ENABLE_DEBUG_INFO = NO;
				PRODUCT_BUNDLE_IDENTIFIER = "com.danthought.DTActionSheet-iOS-Example";
				PRODUCT_NAME = "$(TARGET_NAME)";
				SDKROOT = iphoneos;
				SWIFT_OPTIMIZATION_LEVEL = "-Owholemodule";
				SWIFT_SWIFT3_OBJC_INFERENCE = Default;
				SWIFT_VERSION = 4.0;
				VALIDATE_PRODUCT = YES;
			};
			name = Release;
		};
/* End XCBuildConfiguration section */

/* Begin XCConfigurationList section */
		402531BD1DB10C7F00550293 /* Build configuration list for PBXProject "DTActionSheet" */ = {
			isa = XCConfigurationList;
			buildConfigurations = (
				402531BE1DB10C7F00550293 /* Debug */,
				402531BF1DB10C7F00550293 /* Release */,
			);
			defaultConfigurationIsVisible = 0;
			defaultConfigurationName = Release;
		};
		402531CB1DB10CF900550293 /* Build configuration list for PBXNativeTarget "DTActionSheet iOS" */ = {
			isa = XCConfigurationList;
			buildConfigurations = (
				402531CC1DB10CF900550293 /* Debug */,
				402531CD1DB10CF900550293 /* Release */,
			);
			defaultConfigurationIsVisible = 0;
			defaultConfigurationName = Release;
		};
		402531E91DB1128400550293 /* Build configuration list for PBXNativeTarget "DTActionSheet iOS Example" */ = {
			isa = XCConfigurationList;
			buildConfigurations = (
				402531EA1DB1128400550293 /* Debug */,
				402531EB1DB1128400550293 /* Release */,
			);
			defaultConfigurationIsVisible = 0;
			defaultConfigurationName = Release;
		};
/* End XCConfigurationList section */
	};
	rootObject = 402531BA1DB10C7F00550293 /* Project object */;
}
